
Microsoft Visual Studio Solution File, Format Version 12.00
# Visual Studio Version 17
VisualStudioVersion = 17.5.33627.172
MinimumVisualStudioVersion = 10.0.40219.1
Project("{888888A0-9F3D-457C-B088-3A5042F75D52}") = "KZP-9", "KZP-9\KZP-9.pyproj", "{19A9D32A-077D-4A96-8521-59A658D761D2}"
EndProject
Global
	GlobalSection(SolutionConfigurationPlatforms) = preSolution
		Debug|Any CPU = Debug|Any CPU
		Release|Any CPU = Release|Any CPU
	EndGlobalSection
	GlobalSection(ProjectConfigurationPlatforms) = postSolution
		{19A9D32A-077D-4A96-8521-59A658D761D2}.Debug|Any CPU.ActiveCfg = Debug|Any CPU
		{19A9D32A-077D-4A96-8521-59A658D761D2}.Release|Any CPU.ActiveCfg = Release|Any CPU
	EndGlobalSection
	GlobalSection(SolutionProperties) = preSolution
		HideSolutionNode = FALSE
	EndGlobalSection
	GlobalSection(ExtensibilityGlobals) = postSolution
		SolutionGuid = {4976C354-71BE-4E18-8562-A20822DEC251}
	EndGlobalSection
EndGlobal
